
Microsoft Visual Studio Solution File, Format Version 12.00
# Visual Studio Version 16
VisualStudioVersion = 16.0.32126.315
MinimumVisualStudioVersion = 10.0.40219.1
Project("{9A19103F-16F7-4668-BE54-9A1E7A4F7556}") = "AnalisisWebsite", "AnalisisWebsite\AnalisisWebsite.csproj", "{296B93B2-0F36-4DD7-AF3E-B9171952173B}"
EndProject
Global
	GlobalSection(SolutionConfigurationPlatforms) = preSolution
		Debug|Any CPU = Debug|Any CPU
		Release|Any CPU = Release|Any CPU
	EndGlobalSection
	GlobalSection(ProjectConfigurationPlatforms) = postSolution
		{296B93B2-0F36-4DD7-AF3E-B9171952173B}.Debug|Any CPU.ActiveCfg = Debug|Any CPU
		{296B93B2-0F36-4DD7-AF3E-B9171952173B}.Debug|Any CPU.Build.0 = Debug|Any CPU
		{296B93B2-0F36-4DD7-AF3E-B9171952173B}.Release|Any CPU.ActiveCfg = Release|Any CPU
		{296B93B2-0F36-4DD7-AF3E-B9171952173B}.Release|Any CPU.Build.0 = Release|Any CPU
	EndGlobalSection
	GlobalSection(SolutionProperties) = preSolution
		HideSolutionNode = FALSE
	EndGlobalSection
	GlobalSection(ExtensibilityGlobals) = postSolution
		SolutionGuid = {59BC40EC-17D4-4E3F-B2E8-B3D141069C7F}
	EndGlobalSection
EndGlobal
